
Microsoft Visual Studio Solution File, Format Version 12.00
# Visual Studio 2013
VisualStudioVersion = 12.0.30110.0
MinimumVisualStudioVersion = 10.0.40219.1
Project("{8BC9CEB8-8B4A-11D0-8D11-00A0C91BC942}") = "AABB_OBB", "AABB_OBB\AABB_OBB.vcxproj", "{4F303F9F-C5BB-4C8B-A9EB-F0A880E0578C}"
EndProject
Project("{8BC9CEB8-8B4A-11D0-8D11-00A0C91BC942}") = "DDFramework", "DDFramework\DDFramework.vcxproj", "{3C2E53C6-E69A-4362-9F90-FEAB58AAEB4B}"
EndProject
Global
	GlobalSection(SolutionConfigurationPlatforms) = preSolution
		Debug|Win32 = Debug|Win32
		Release|Win32 = Release|Win32
	EndGlobalSection
	GlobalSection(ProjectConfigurationPlatforms) = postSolution
		{4F303F9F-C5BB-4C8B-A9EB-F0A880E0578C}.Debug|Win32.ActiveCfg = Debug|Win32
		{4F303F9F-C5BB-4C8B-A9EB-F0A880E0578C}.Debug|Win32.Build.0 = Debug|Win32
		{4F303F9F-C5BB-4C8B-A9EB-F0A880E0578C}.Release|Win32.ActiveCfg = Release|Win32
		{4F303F9F-C5BB-4C8B-A9EB-F0A880E0578C}.Release|Win32.Build.0 = Release|Win32
		{3C2E53C6-E69A-4362-9F90-FEAB58AAEB4B}.Debug|Win32.ActiveCfg = Debug|Win32
		{3C2E53C6-E69A-4362-9F90-FEAB58AAEB4B}.Debug|Win32.Build.0 = Debug|Win32
		{3C2E53C6-E69A-4362-9F90-FEAB58AAEB4B}.Release|Win32.ActiveCfg = Release|Win32
		{3C2E53C6-E69A-4362-9F90-FEAB58AAEB4B}.Release|Win32.Build.0 = Release|Win32
	EndGlobalSection
	GlobalSection(SolutionProperties) = preSolution
		HideSolutionNode = FALSE
	EndGlobalSection
EndGlobal
